// !$*UTF8*$!
{
	archiveVersion = 1;
	classes = {
	};
	objectVersion = 50;
	objects = {

/* Begin PBXBuildFile section */
		8DBF38D2256EA0FD004DE162 /* AppDelegate.swift in Sources */ = {isa = PBXBuildFile; fileRef = 8DBF38D1256EA0FD004DE162 /* AppDelegate.swift */; };
		8DBF38D4256EA0FD004DE162 /* SceneDelegate.swift in Sources */ = {isa = PBXBuildFile; fileRef = 8DBF38D3256EA0FD004DE162 /* SceneDelegate.swift */; };
		8DBF38D6256EA0FD004DE162 /* ViewController.swift in Sources */ = {isa = PBXBuildFile; fileRef = 8DBF38D5256EA0FD004DE162 /* ViewController.swift */; };
		8DBF38D9256EA0FD004DE162 /* Main.storyboard in Resources */ = {isa = PBXBuildFile; fileRef = 8DBF38D7256EA0FD004DE162 /* Main.storyboard */; };
		8DBF38DB256EA101004DE162 /* Assets.xcassets in Resources */ = {isa = PBXBuildFile; fileRef = 8DBF38DA256EA101004DE162 /* Assets.xcassets */; };
		8DBF38DE256EA101004DE162 /* LaunchScreen.storyboard in Resources */ = {isa = PBXBuildFile; fileRef = 8DBF38DC256EA101004DE162 /* LaunchScreen.storyboard */; };
		8DBF38E9256EA102004DE162 /* ControllerSubviewExampleTests.swift in Sources */ = {isa = PBXBuildFile; fileRef = 8DBF38E8256EA102004DE162 /* ControllerSubviewExampleTests.swift */; };
		8DBF38F4256EA102004DE162 /* ControllerSubviewExampleUITests.swift in Sources */ = {isa = PBXBuildFile; fileRef = 8DBF38F3256EA102004DE162 /* ControllerSubviewExampleUITests.swift */; };
/* End PBXBuildFile section */

/* Begin PBXContainerItemProxy section */
		8DBF38E5256EA102004DE162 /* PBXContainerItemProxy */ = {
			isa = PBXContainerItemProxy;
			containerPortal = 8DBF38C6256EA0FD004DE162 /* Project object */;
			proxyType = 1;
			remoteGlobalIDString = 8DBF38CD256EA0FD004DE162;
			remoteInfo = ControllerSubviewExample;
		};
		8DBF38F0256EA102004DE162 /* PBXContainerItemProxy */ = {
			isa = PBXContainerItemProxy;
			containerPortal = 8DBF38C6256EA0FD004DE162 /* Project object */;
			proxyType = 1;
			remoteGlobalIDString = 8DBF38CD256EA0FD004DE162;
			remoteInfo = ControllerSubviewExample;
		};
/* End PBXContainerItemProxy section */

/* Begin PBXFileReference section */
		8DBF38CE256EA0FD004DE162 /* ControllerSubviewExample.app */ = {isa = PBXFileReference; explicitFileType = wrapper.application; includeInIndex = 0; path = ControllerSubviewExample.app; sourceTree = BUILT_PRODUCTS_DIR; };
		8DBF38D1256EA0FD004DE162 /* AppDelegate.swift */ = {isa = PBXFileReference; lastKnownFileType = sourcecode.swift; path = AppDelegate.swift; sourceTree = "<group>"; };
		8DBF38D3256EA0FD004DE162 /* SceneDelegate.swift */ = {isa = PBXFileReference; lastKnownFileType = sourcecode.swift; path = SceneDelegate.swift; sourceTree = "<group>"; };
		8DBF38D5256EA0FD004DE162 /* ViewController.swift */ = {isa = PBXFileReference; lastKnownFileType = sourcecode.swift; path = ViewController.swift; sourceTree = "<group>"; };
		8DBF38D8256EA0FD004DE162 /* Base */ = {isa = PBXFileReference; lastKnownFileType = file.storyboard; name = Base; path = Base.lproj/Main.storyboard; sourceTree = "<group>"; };
		8DBF38DA256EA101004DE162 /* Assets.xcassets */ = {isa = PBXFileReference; lastKnownFileType = folder.assetcatalog; path = Assets.xcassets; sourceTree = "<group>"; };
		8DBF38DD256EA101004DE162 /* Base */ = {isa = PBXFileReference; lastKnownFileType = file.storyboard; name = Base; path = Base.lproj/LaunchScreen.storyboard; sourceTree = "<group>"; };
		8DBF38DF256EA101004DE162 /* Info.plist */ = {isa = PBXFileReference; lastKnownFileType = text.plist.xml; path = Info.plist; sourceTree = "<group>"; };
		8DBF38E4256EA102004DE162 /* ControllerSubviewExampleTests.xctest */ = {isa = PBXFileReference; explicitFileType = wrapper.cfbundle; includeInIndex = 0; path = ControllerSubviewExampleTests.xctest; sourceTree = BUILT_PRODUCTS_DIR; };
		8DBF38E8256EA102004DE162 /* ControllerSubviewExampleTests.swift */ = {isa = PBXFileReference; lastKnownFileType = sourcecode.swift; path = ControllerSubviewExampleTests.swift; sourceTree = "<group>"; };
		8DBF38EA256EA102004DE162 /* Info.plist */ = {isa = PBXFileReference; lastKnownFileType = text.plist.xml; path = Info.plist; sourceTree = "<group>"; };
		8DBF38EF256EA102004DE162 /* ControllerSubviewExampleUITests.xctest */ = {isa = PBXFileReference; explicitFileType = wrapper.cfbundle; includeInIndex = 0; path = ControllerSubviewExampleUITests.xctest; sourceTree = BUILT_PRODUCTS_DIR; };
		8DBF38F3256EA102004DE162 /* ControllerSubviewExampleUITests.swift */ = {isa = PBXFileReference; lastKnownFileType = sourcecode.swift; path = ControllerSubviewExampleUITests.swift; sourceTree = "<group>"; };
		8DBF38F5256EA102004DE162 /* Info.plist */ = {isa = PBXFileReference; lastKnownFileType = text.plist.xml; path = Info.plist; sourceTree = "<group>"; };
/* End PBXFileReference section */

/* Begin PBXFrameworksBuildPhase section */
		8DBF38CB256EA0FD004DE162 /* Frameworks */ = {
			isa = PBXFrameworksBuildPhase;
			buildActionMask = 2147483647;
			files = (
			);
			runOnlyForDeploymentPostprocessing = 0;
		};
		8DBF38E1256EA102004DE162 /* Frameworks */ = {
			isa = PBXFrameworksBuildPhase;
			buildActionMask = 2147483647;
			files = (
			);
			runOnlyForDeploymentPostprocessing = 0;
		};
		8DBF38EC256EA102004DE162 /* Frameworks */ = {
			isa = PBXFrameworksBuildPhase;
			buildActionMask = 2147483647;
			files = (
			);
			runOnlyForDeploymentPostprocessing = 0;
		};
/* End PBXFrameworksBuildPhase section */

/* Begin PBXGroup section */
		8DBF38C5256EA0FD004DE162 = {
			isa = PBXGroup;
			children = (
				8DBF38D0256EA0FD004DE162 /* ControllerSubviewExample */,
				8DBF38E7256EA102004DE162 /* ControllerSubviewExampleTests */,
				8DBF38F2256EA102004DE162 /* ControllerSubviewExampleUITests */,
				8DBF38CF256EA0FD004DE162 /* Products */,
			);
			sourceTree = "<group>";
		};
		8DBF38CF256EA0FD004DE162 /* Products */ = {
			isa = PBXGroup;
			children = (
				8DBF38CE256EA0FD004DE162 /* ControllerSubviewExample.app */,
				8DBF38E4256EA102004DE162 /* ControllerSubviewExampleTests.xctest */,
				8DBF38EF256EA102004DE162 /* ControllerSubviewExampleUITests.xctest */,
			);
			name = Products;
			sourceTree = "<group>";
		};
		8DBF38D0256EA0FD004DE162 /* ControllerSubviewExample */ = {
			isa = PBXGroup;
			children = (
				8DBF38D1256EA0FD004DE162 /* AppDelegate.swift */,
				8DBF38D3256EA0FD004DE162 /* SceneDelegate.swift */,
				8DBF38D5256EA0FD004DE162 /* ViewController.swift */,
				8DBF38D7256EA0FD004DE162 /* Main.storyboard */,
				8DBF38DA256EA101004DE162 /* Assets.xcassets */,
				8DBF38DC256EA101004DE162 /* LaunchScreen.storyboard */,
				8DBF38DF256EA101004DE162 /* Info.plist */,
			);
			path = ControllerSubviewExample;
			sourceTree = "<group>";
		};
		8DBF38E7256EA102004DE162 /* ControllerSubviewExampleTests */ = {
			isa = PBXGroup;
			children = (
				8DBF38E8256EA102004DE162 /* ControllerSubviewExampleTests.swift */,
				8DBF38EA256EA102004DE162 /* Info.plist */,
			);
			path = ControllerSubviewExampleTests;
			sourceTree = "<group>";
		};
		8DBF38F2256EA102004DE162 /* ControllerSubviewExampleUITests */ = {
			isa = PBXGroup;
			children = (
				8DBF38F3256EA102004DE162 /* ControllerSubviewExampleUITests.swift */,
				8DBF38F5256EA102004DE162 /* Info.plist */,
			);
			path = ControllerSubviewExampleUITests;
			sourceTree = "<group>";
		};
/* End PBXGroup section */

/* Begin PBXNativeTarget section */
		8DBF38CD256EA0FD004DE162 /* ControllerSubviewExample */ = {
			isa = PBXNativeTarget;
			buildConfigurationList = 8DBF38F8256EA102004DE162 /* Build configuration list for PBXNativeTarget "ControllerSubviewExample" */;
			buildPhases = (
				8DBF38CA256EA0FD004DE162 /* Sources */,
				8DBF38CB256EA0FD004DE162 /* Frameworks */,
				8DBF38CC256EA0FD004DE162 /* Resources */,
			);
			buildRules = (
			);
			dependencies = (
			);
			name = ControllerSubviewExample;
			productName = ControllerSubviewExample;
			productReference = 8DBF38CE256EA0FD004DE162 /* ControllerSubviewExample.app */;
			productType = "com.apple.product-type.application";
		};
		8DBF38E3256EA102004DE162 /* ControllerSubviewExampleTests */ = {
			isa = PBXNativeTarget;
			buildConfigurationList = 8DBF38FB256EA102004DE162 /* Build configuration list for PBXNativeTarget "ControllerSubviewExampleTests" */;
			buildPhases = (
				8DBF38E0256EA102004DE162 /* Sources */,
				8DBF38E1256EA102004DE162 /* Frameworks */,
				8DBF38E2256EA102004DE162 /* Resources */,
			);
			buildRules = (
			);
			dependencies = (
				8DBF38E6256EA102004DE162 /* PBXTargetDependency */,
			);
			name = ControllerSubviewExampleTests;
			productName = ControllerSubviewExampleTests;
			productReference = 8DBF38E4256EA102004DE162 /* ControllerSubviewExampleTests.xctest */;
			productType = "com.apple.product-type.bundle.unit-test";
		};
		8DBF38EE256EA102004DE162 /* ControllerSubviewExampleUITests */ = {
			isa = PBXNativeTarget;
			buildConfigurationList = 8DBF38FE256EA102004DE162 /* Build configuration list for PBXNativeTarget "ControllerSubviewExampleUITests" */;
			buildPhases = (
				8DBF38EB256EA102004DE162 /* Sources */,
				8DBF38EC256EA102004DE162 /* Frameworks */,
				8DBF38ED256EA102004DE162 /* Resources */,
			);
			buildRules = (
			);
			dependencies = (
				8DBF38F1256EA102004DE162 /* PBXTargetDependency */,
			);
			name = ControllerSubviewExampleUITests;
			productName = ControllerSubviewExampleUITests;
			productReference = 8DBF38EF256EA102004DE162 /* ControllerSubviewExampleUITests.xctest */;
			productType = "com.apple.product-type.bundle.ui-testing";
		};
/* End PBXNativeTarget section */

/* Begin PBXProject section */
		8DBF38C6256EA0FD004DE162 /* Project object */ = {
			isa = PBXProject;
			attributes = {
				LastSwiftUpdateCheck = 1220;
				LastUpgradeCheck = 1220;
				TargetAttributes = {
					8DBF38CD256EA0FD004DE162 = {
						CreatedOnToolsVersion = 12.2;
					};
					8DBF38E3256EA102004DE162 = {
						CreatedOnToolsVersion = 12.2;
						TestTargetID = 8DBF38CD256EA0FD004DE162;
					};
					8DBF38EE256EA102004DE162 = {
						CreatedOnToolsVersion = 12.2;
						TestTargetID = 8DBF38CD256EA0FD004DE162;
					};
				};
			};
			buildConfigurationList = 8DBF38C9256EA0FD004DE162 /* Build configuration list for PBXProject "ControllerSubviewExample" */;
			compatibilityVersion = "Xcode 9.3";
			developmentRegion = en;
			hasScannedForEncodings = 0;
			knownRegions = (
				en,
				Base,
			);
			mainGroup = 8DBF38C5256EA0FD004DE162;
			productRefGroup = 8DBF38CF256EA0FD004DE162 /* Products */;
			projectDirPath = "";
			projectRoot = "";
			targets = (
				8DBF38CD256EA0FD004DE162 /* ControllerSubviewExample */,
				8DBF38E3256EA102004DE162 /* ControllerSubviewExampleTests */,
				8DBF38EE256EA102004DE162 /* ControllerSubviewExampleUITests */,
			);
		};
/* End PBXProject section */

/* Begin PBXResourcesBuildPhase section */
		8DBF38CC256EA0FD004DE162 /* Resources */ = {
			isa = PBXResourcesBuildPhase;
			buildActionMask = 2147483647;
			files = (
				8DBF38DE256EA101004DE162 /* LaunchScreen.storyboard in Resources */,
				8DBF38DB256EA101004DE162 /* Assets.xcassets in Resources */,
				8DBF38D9256EA0FD004DE162 /* Main.storyboard in Resources */,
			);
			runOnlyForDeploymentPostprocessing = 0;
		};
		8DBF38E2256EA102004DE162 /* Resources */ = {
			isa = PBXResourcesBuildPhase;
			buildActionMask = 2147483647;
			files = (
			);
			runOnlyForDeploymentPostprocessing = 0;
		};
		8DBF38ED256EA102004DE162 /* Resources */ = {
			isa = PBXResourcesBuildPhase;
			buildActionMask = 2147483647;
			files = (
			);
			runOnlyForDeploymentPostprocessing = 0;
		};
/* End PBXResourcesBuildPhase section */

/* Begin PBXSourcesBuildPhase section */
		8DBF38CA256EA0FD004DE162 /* Sources */ = {
			isa = PBXSourcesBuildPhase;
			buildActionMask = 2147483647;
			files = (
				8DBF38D6256EA0FD004DE162 /* ViewController.swift in Sources */,
				8DBF38D2256EA0FD004DE162 /* AppDelegate.swift in Sources */,
				8DBF38D4256EA0FD004DE162 /* SceneDelegate.swift in Sources */,
			);
			runOnlyForDeploymentPostprocessing = 0;
		};
		8DBF38E0256EA102004DE162 /* Sources */ = {
			isa = PBXSourcesBuildPhase;
			buildActionMask = 2147483647;
			files = (
				8DBF38E9256EA102004DE162 /* ControllerSubviewExampleTests.swift in Sources */,
			);
			runOnlyForDeploymentPostprocessing = 0;
		};
		8DBF38EB256EA102004DE162 /* Sources */ = {
			isa = PBXSourcesBuildPhase;
			buildActionMask = 2147483647;
			files = (
				8DBF38F4256EA102004DE162 /* ControllerSubviewExampleUITests.swift in Sources */,
			);
			runOnlyForDeploymentPostprocessing = 0;
		};
/* End PBXSourcesBuildPhase section */

/* Begin PBXTargetDependency section */
		8DBF38E6256EA102004DE162 /* PBXTargetDependency */ = {
			isa = PBXTargetDependency;
			target = 8DBF38CD256EA0FD004DE162 /* ControllerSubviewExample */;
			targetProxy = 8DBF38E5256EA102004DE162 /* PBXContainerItemProxy */;
		};
		8DBF38F1256EA102004DE162 /* PBXTargetDependency */ = {
			isa = PBXTargetDependency;
			target = 8DBF38CD256EA0FD004DE162 /* ControllerSubviewExample */;
			targetProxy = 8DBF38F0256EA102004DE162 /* PBXContainerItemProxy */;
		};
/* End PBXTargetDependency section */

/* Begin PBXVariantGroup section */
		8DBF38D7256EA0FD004DE162 /* Main.storyboard */ = {
			isa = PBXVariantGroup;
			children = (
				8DBF38D8256EA0FD004DE162 /* Base */,
			);
			name = Main.storyboard;
			sourceTree = "<group>";
		};
		8DBF38DC256EA101004DE162 /* LaunchScreen.storyboard */ = {
			isa = PBXVariantGroup;
			children = (
				8DBF38DD256EA101004DE162 /* Base */,
			);
			name = LaunchScreen.storyboard;
			sourceTree = "<group>";
		};
/* End PBXVariantGroup section */

/* Begin XCBuildConfiguration section */
		8DBF38F6256EA102004DE162 /* Debug */ = {
			isa = XCBuildConfiguration;
			buildSettings = {
				ALWAYS_SEARCH_USER_PATHS = NO;
				CLANG_ANALYZER_NONNULL = YES;
				CLANG_ANALYZER_NUMBER_OBJECT_CONVERSION = YES_AGGRESSIVE;
				CLANG_CXX_LANGUAGE_STANDARD = "gnu++14";
				CLANG_CXX_LIBRARY = "libc++";
				CLANG_ENABLE_MODULES = YES;
				CLANG_ENABLE_OBJC_ARC = YES;
				CLANG_ENABLE_OBJC_WEAK = YES;
				CLANG_WARN_BLOCK_CAPTURE_AUTORELEASING = YES;
				CLANG_WARN_BOOL_CONVERSION = YES;
				CLANG_WARN_COMMA = YES;
				CLANG_WARN_CONSTANT_CONVERSION = YES;
				CLANG_WARN_DEPRECATED_OBJC_IMPLEMENTATIONS = YES;
				CLANG_WARN_DIRECT_OBJC_ISA_USAGE = YES_ERROR;
				CLANG_WARN_DOCUMENTATION_COMMENTS = YES;
				CLANG_WARN_EMPTY_BODY = YES;
				CLANG_WARN_ENUM_CONVERSION = YES;
				CLANG_WARN_INFINITE_RECURSION = YES;
				CLANG_WARN_INT_CONVERSION = YES;
				CLANG_WARN_NON_LITERAL_NULL_CONVERSION = YES;
				CLANG_WARN_OBJC_IMPLICIT_RETAIN_SELF = YES;
				CLANG_WARN_OBJC_LITERAL_CONVERSION = YES;
				CLANG_WARN_OBJC_ROOT_CLASS = YES_ERROR;
				CLANG_WARN_QUOTED_INCLUDE_IN_FRAMEWORK_HEADER = YES;
				CLANG_WARN_RANGE_LOOP_ANALYSIS = YES;
				CLANG_WARN_STRICT_PROTOTYPES = YES;
				CLANG_WARN_SUSPICIOUS_MOVE = YES;
				CLANG_WARN_UNGUARDED_AVAILABILITY = YES_AGGRESSIVE;
				CLANG_WARN_UNREACHABLE_CODE = YES;
				CLANG_WARN__DUPLICATE_METHOD_MATCH = YES;
				COPY_PHASE_STRIP = NO;
				DEBUG_INFORMATION_FORMAT = dwarf;
				ENABLE_STRICT_OBJC_MSGSEND = YES;
				ENABLE_TESTABILITY = YES;
				GCC_C_LANGUAGE_STANDARD = gnu11;
				GCC_DYNAMIC_NO_PIC = NO;
				GCC_NO_COMMON_BLOCKS = YES;
				GCC_OPTIMIZATION_LEVEL = 0;
				GCC_PREPROCESSOR_DEFINITIONS = (
					"DEBUG=1",
					"$(inherited)",
				);
				GCC_WARN_64_TO_32_BIT_CONVERSION = YES;
				GCC_WARN_ABOUT_RETURN_TYPE = YES_ERROR;
				GCC_WARN_UNDECLARED_SELECTOR = YES;
				GCC_WARN_UNINITIALIZED_AUTOS = YES_AGGRESSIVE;
				GCC_WARN_UNUSED_FUNCTION = YES;
				GCC_WARN_UNUSED_VARIABLE = YES;
				IPHONEOS_DEPLOYMENT_TARGET = 14.2;
				MTL_ENABLE_DEBUG_INFO = INCLUDE_SOURCE;
				MTL_FAST_MATH = YES;
				ONLY_ACTIVE_ARCH = YES;
				SDKROOT = iphoneos;
				SWIFT_ACTIVE_COMPILATION_CONDITIONS = DEBUG;
				SWIFT_OPTIMIZATION_LEVEL = "-Onone";
			};
			name = Debug;
		};
		8DBF38F7256EA102004DE162 /* Release */ = {
			isa = XCBuildConfiguration;
			buildSettings = {
				ALWAYS_SEARCH_USER_PATHS = NO;
				CLANG_ANALYZER_NONNULL = YES;
				CLANG_ANALYZER_NUMBER_OBJECT_CONVERSION = YES_AGGRESSIVE;
				CLANG_CXX_LANGUAGE_STANDARD = "gnu++14";
				CLANG_CXX_LIBRARY = "libc++";
				CLANG_ENABLE_MODULES = YES;
				CLANG_ENABLE_OBJC_ARC = YES;
				CLANG_ENABLE_OBJC_WEAK = YES;
				CLANG_WARN_BLOCK_CAPTURE_AUTORELEASING = YES;
				CLANG_WARN_BOOL_CONVERSION = YES;
				CLANG_WARN_COMMA = YES;
				CLANG_WARN_CONSTANT_CONVERSION = YES;
				CLANG_WARN_DEPRECATED_OBJC_IMPLEMENTATIONS = YES;
				CLANG_WARN_DIRECT_OBJC_ISA_USAGE = YES_ERROR;
				CLANG_WARN_DOCUMENTATION_COMMENTS = YES;
				CLANG_WARN_EMPTY_BODY = YES;
				CLANG_WARN_ENUM_CONVERSION = YES;
				CLANG_WARN_INFINITE_RECURSION = YES;
				CLANG_WARN_INT_CONVERSION = YES;
				CLANG_WARN_NON_LITERAL_NULL_CONVERSION = YES;
				CLANG_WARN_OBJC_IMPLICIT_RETAIN_SELF = YES;
				CLANG_WARN_OBJC_LITERAL_CONVERSION = YES;
				CLANG_WARN_OBJC_ROOT_CLASS = YES_ERROR;
				CLANG_WARN_QUOTED_INCLUDE_IN_FRAMEWORK_HEADER = YES;
				CLANG_WARN_RANGE_LOOP_ANALYSIS = YES;
				CLANG_WARN_STRICT_PROTOTYPES = YES;
				CLANG_WARN_SUSPICIOUS_MOVE = YES;
				CLANG_WARN_UNGUARDED_AVAILABILITY = YES_AGGRESSIVE;
				CLANG_WARN_UNREACHABLE_CODE = YES;
				CLANG_WARN__DUPLICATE_METHOD_MATCH = YES;
				COPY_PHASE_STRIP = NO;
				DEBUG_INFORMATION_FORMAT = "dwarf-with-dsym";
				ENABLE_NS_ASSERTIONS = NO;
				ENABLE_STRICT_OBJC_MSGSEND = YES;
				GCC_C_LANGUAGE_STANDARD = gnu11;
				GCC_NO_COMMON_BLOCKS = YES;
				GCC_WARN_64_TO_32_BIT_CONVERSION = YES;
				GCC_WARN_ABOUT_RETURN_TYPE = YES_ERROR;
				GCC_WARN_UNDECLARED_SELECTOR = YES;
				GCC_WARN_UNINITIALIZED_AUTOS = YES_AGGRESSIVE;
				GCC_WARN_UNUSED_FUNCTION = YES;
				GCC_WARN_UNUSED_VARIABLE = YES;
				IPHONEOS_DEPLOYMENT_TARGET = 14.2;
				MTL_ENABLE_DEBUG_INFO = NO;
				MTL_FAST_MATH = YES;
				SDKROOT = iphoneos;
				SWIFT_COMPILATION_MODE = wholemodule;
				SWIFT_OPTIMIZATION_LEVEL = "-O";
				VALIDATE_PRODUCT = YES;
			};
			name = Release;
		};
		8DBF38F9256EA102004DE162 /* Debug */ = {
			isa = XCBuildConfiguration;
			buildSettings = {
				ASSETCATALOG_COMPILER_APPICON_NAME = AppIcon;
				ASSETCATALOG_COMPILER_GLOBAL_ACCENT_COLOR_NAME = AccentColor;
				CODE_SIGN_STYLE = Automatic;
				DEVELOPMENT_TEAM = WUJDW64U79;
				INFOPLIST_FILE = ControllerSubviewExample/Info.plist;
				LD_RUNPATH_SEARCH_PATHS = (
					"$(inherited)",
					"@executable_path/Frameworks",
				);
				PRODUCT_BUNDLE_IDENTIFIER = "Alias-Media-Group.ControllerSubviewExample";
				PRODUCT_NAME = "$(TARGET_NAME)";
				SWIFT_VERSION = 5.0;
				TARGETED_DEVICE_FAMILY = "1,2";
			};
			name = Debug;
		};
		8DBF38FA256EA102004DE162 /* Release */ = {
			isa = XCBuildConfiguration;
			buildSettings = {
				ASSETCATALOG_COMPILER_APPICON_NAME = AppIcon;
				ASSETCATALOG_COMPILER_GLOBAL_ACCENT_COLOR_NAME = AccentColor;
				CODE_SIGN_STYLE = Automatic;
				DEVELOPMENT_TEAM = WUJDW64U79;
				INFOPLIST_FILE = ControllerSubviewExample/Info.plist;
				LD_RUNPATH_SEARCH_PATHS = (
					"$(inherited)",
					"@executable_path/Frameworks",
				);
				PRODUCT_BUNDLE_IDENTIFIER = "Alias-Media-Group.ControllerSubviewExample";
				PRODUCT_NAME = "$(TARGET_NAME)";
				SWIFT_VERSION = 5.0;
				TARGETED_DEVICE_FAMILY = "1,2";
			};
			name = Release;
		};
		8DBF38FC256EA102004DE162 /* Debug */ = {
			isa = XCBuildConfiguration;
			buildSettings = {
				ALWAYS_EMBED_SWIFT_STANDARD_LIBRARIES = YES;
				BUNDLE_LOADER = "$(TEST_HOST)";
				CODE_SIGN_STYLE = Automatic;
				DEVELOPMENT_TEAM = WUJDW64U79;
				INFOPLIST_FILE = ControllerSubviewExampleTests/Info.plist;
				IPHONEOS_DEPLOYMENT_TARGET = 14.2;
				LD_RUNPATH_SEARCH_PATHS = (
					"$(inherited)",
					"@executable_path/Frameworks",
					"@loader_path/Frameworks",
				);
				PRODUCT_BUNDLE_IDENTIFIER = "Alias-Media-Group.ControllerSubviewExampleTests";
				PRODUCT_NAME = "$(TARGET_NAME)";
				SWIFT_VERSION = 5.0;
				TARGETED_DEVICE_FAMILY = "1,2";
				TEST_HOST = "$(BUILT_PRODUCTS_DIR)/ControllerSubviewExample.app/ControllerSubviewExample";
			};
			name = Debug;
		};
		8DBF38FD256EA102004DE162 /* Release */ = {
			isa = XCBuildConfiguration;
			buildSettings = {
				ALWAYS_EMBED_SWIFT_STANDARD_LIBRARIES = YES;
				BUNDLE_LOADER = "$(TEST_HOST)";
				CODE_SIGN_STYLE = Automatic;
				DEVELOPMENT_TEAM = WUJDW64U79;
				INFOPLIST_FILE = ControllerSubviewExampleTests/Info.plist;
				IPHONEOS_DEPLOYMENT_TARGET = 14.2;
				LD_RUNPATH_SEARCH_PATHS = (
					"$(inherited)",
					"@executable_path/Frameworks",
					"@loader_path/Frameworks",
				);
				PRODUCT_BUNDLE_IDENTIFIER = "Alias-Media-Group.ControllerSubviewExampleTests";
				PRODUCT_NAME = "$(TARGET_NAME)";
				SWIFT_VERSION = 5.0;
				TARGETED_DEVICE_FAMILY = "1,2";
				TEST_HOST = "$(BUILT_PRODUCTS_DIR)/ControllerSubviewExample.app/ControllerSubviewExample";
			};
			name = Release;
		};
		8DBF38FF256EA102004DE162 /* Debug */ = {
			isa = XCBuildConfiguration;
			buildSettings = {
				ALWAYS_EMBED_SWIFT_STANDARD_LIBRARIES = YES;
				CODE_SIGN_STYLE = Automatic;
				DEVELOPMENT_TEAM = WUJDW64U79;
				INFOPLIST_FILE = ControllerSubviewExampleUITests/Info.plist;
				LD_RUNPATH_SEARCH_PATHS = (
					"$(inherited)",
					"@executable_path/Frameworks",
					"@loader_path/Frameworks",
				);
				PRODUCT_BUNDLE_IDENTIFIER = "Alias-Media-Group.ControllerSubviewExampleUITests";
				PRODUCT_NAME = "$(TARGET_NAME)";
				SWIFT_VERSION = 5.0;
				TARGETED_DEVICE_FAMILY = "1,2";
				TEST_TARGET_NAME = ControllerSubviewExample;
			};
			name = Debug;
		};
		8DBF3900256EA102004DE162 /* Release */ = {
			isa = XCBuildConfiguration;
			buildSettings = {
				ALWAYS_EMBED_SWIFT_STANDARD_LIBRARIES = YES;
				CODE_SIGN_STYLE = Automatic;
				DEVELOPMENT_TEAM = WUJDW64U79;
				INFOPLIST_FILE = ControllerSubviewExampleUITests/Info.plist;
				LD_RUNPATH_SEARCH_PATHS = (
					"$(inherited)",
					"@executable_path/Frameworks",
					"@loader_path/Frameworks",
				);
				PRODUCT_BUNDLE_IDENTIFIER = "Alias-Media-Group.ControllerSubviewExampleUITests";
				PRODUCT_NAME = "$(TARGET_NAME)";
				SWIFT_VERSION = 5.0;
				TARGETED_DEVICE_FAMILY = "1,2";
				TEST_TARGET_NAME = ControllerSubviewExample;
			};
			name = Release;
		};
/* End XCBuildConfiguration section */

/* Begin XCConfigurationList section */
		8DBF38C9256EA0FD004DE162 /* Build configuration list for PBXProject "ControllerSubviewExample" */ = {
			isa = XCConfigurationList;
			buildConfigurations = (
				8DBF38F6256EA102004DE162 /* Debug */,
				8DBF38F7256EA102004DE162 /* Release */,
			);
			defaultConfigurationIsVisible = 0;
			defaultConfigurationName = Release;
		};
		8DBF38F8256EA102004DE162 /* Build configuration list for PBXNativeTarget "ControllerSubviewExample" */ = {
			isa = XCConfigurationList;
			buildConfigurations = (
				8DBF38F9256EA102004DE162 /* Debug */,
				8DBF38FA256EA102004DE162 /* Release */,
			);
			defaultConfigurationIsVisible = 0;
			defaultConfigurationName = Release;
		};
		8DBF38FB256EA102004DE162 /* Build configuration list for PBXNativeTarget "ControllerSubviewExampleTests" */ = {
			isa = XCConfigurationList;
			buildConfigurations = (
				8DBF38FC256EA102004DE162 /* Debug */,
				8DBF38FD256EA102004DE162 /* Release */,
			);
			defaultConfigurationIsVisible = 0;
			defaultConfigurationName = Release;
		};
		8DBF38FE256EA102004DE162 /* Build configuration list for PBXNativeTarget "ControllerSubviewExampleUITests" */ = {
			isa = XCConfigurationList;
			buildConfigurations = (
				8DBF38FF256EA102004DE162 /* Debug */,
				8DBF3900256EA102004DE162 /* Release */,
			);
			defaultConfigurationIsVisible = 0;
			defaultConfigurationName = Release;
		};
/* End XCConfigurationList section */
	};
	rootObject = 8DBF38C6256EA0FD004DE162 /* Project object */;
}
